
Microsoft Visual Studio Solution File, Format Version 12.00
# Visual Studio Version 17
VisualStudioVersion = 17.0.32112.339
MinimumVisualStudioVersion = 10.0.40219.1
Project("{9A19103F-16F7-4668-BE54-9A1E7A4F7556}") = "Contracts", "Contracts\Contracts.csproj", "{0D9560F7-F84E-43F6-A3CD-0AACAC479D77}"
EndProject
Project("{9A19103F-16F7-4668-BE54-9A1E7A4F7556}") = "Services", "Services\Services.csproj", "{C464D694-FDBC-4466-8365-91289735B49F}"
EndProject
Project("{2150E333-8FDC-42A3-9474-1A3956D46DE8}") = "SolutionItems", "SolutionItems", "{B72B19EF-D16B-408D-9D01-6658771DFEAE}"
EndProject
Project("{FAE04EC0-301F-11D3-BF4B-00C04F79EFBC}") = "Web", "Web\Web.csproj", "{4E367663-5A8E-4995-975E-E466D932CD3D}"
EndProject
Project("{FAE04EC0-301F-11D3-BF4B-00C04F79EFBC}") = "Shared", "Shared\Shared.csproj", "{F2A84E1D-8C42-4266-8405-315FD4809346}"
EndProject
Project("{FAE04EC0-301F-11D3-BF4B-00C04F79EFBC}") = "Tests", "Tests\Tests.csproj", "{BAE279AB-E546-4912-BA42-0C2EC29BCF40}"
EndProject
Global
	GlobalSection(SolutionConfigurationPlatforms) = preSolution
		Debug|Any CPU = Debug|Any CPU
		Release|Any CPU = Release|Any CPU
	EndGlobalSection
	GlobalSection(ProjectConfigurationPlatforms) = postSolution
		{0D9560F7-F84E-43F6-A3CD-0AACAC479D77}.Debug|Any CPU.ActiveCfg = Debug|Any CPU
		{0D9560F7-F84E-43F6-A3CD-0AACAC479D77}.Debug|Any CPU.Build.0 = Debug|Any CPU
		{0D9560F7-F84E-43F6-A3CD-0AACAC479D77}.Release|Any CPU.ActiveCfg = Release|Any CPU
		{0D9560F7-F84E-43F6-A3CD-0AACAC479D77}.Release|Any CPU.Build.0 = Release|Any CPU
		{C464D694-FDBC-4466-8365-91289735B49F}.Debug|Any CPU.ActiveCfg = Debug|Any CPU
		{C464D694-FDBC-4466-8365-91289735B49F}.Debug|Any CPU.Build.0 = Debug|Any CPU
		{C464D694-FDBC-4466-8365-91289735B49F}.Release|Any CPU.ActiveCfg = Release|Any CPU
		{C464D694-FDBC-4466-8365-91289735B49F}.Release|Any CPU.Build.0 = Release|Any CPU
		{4E367663-5A8E-4995-975E-E466D932CD3D}.Debug|Any CPU.ActiveCfg = Debug|Any CPU
		{4E367663-5A8E-4995-975E-E466D932CD3D}.Debug|Any CPU.Build.0 = Debug|Any CPU
		{4E367663-5A8E-4995-975E-E466D932CD3D}.Release|Any CPU.ActiveCfg = Release|Any CPU
		{4E367663-5A8E-4995-975E-E466D932CD3D}.Release|Any CPU.Build.0 = Release|Any CPU
		{F2A84E1D-8C42-4266-8405-315FD4809346}.Debug|Any CPU.ActiveCfg = Debug|Any CPU
		{F2A84E1D-8C42-4266-8405-315FD4809346}.Debug|Any CPU.Build.0 = Debug|Any CPU
		{F2A84E1D-8C42-4266-8405-315FD4809346}.Release|Any CPU.ActiveCfg = Release|Any CPU
		{F2A84E1D-8C42-4266-8405-315FD4809346}.Release|Any CPU.Build.0 = Release|Any CPU
		{BAE279AB-E546-4912-BA42-0C2EC29BCF40}.Debug|Any CPU.ActiveCfg = Debug|Any CPU
		{BAE279AB-E546-4912-BA42-0C2EC29BCF40}.Debug|Any CPU.Build.0 = Debug|Any CPU
		{BAE279AB-E546-4912-BA42-0C2EC29BCF40}.Release|Any CPU.ActiveCfg = Release|Any CPU
		{BAE279AB-E546-4912-BA42-0C2EC29BCF40}.Release|Any CPU.Build.0 = Release|Any CPU
	EndGlobalSection
	GlobalSection(SolutionProperties) = preSolution
		HideSolutionNode = FALSE
	EndGlobalSection
	GlobalSection(ExtensibilityGlobals) = postSolution
		SolutionGuid = {A0C3A3DA-72AF-417E-89D7-FDDE84C3A46C}
	EndGlobalSection
EndGlobal
